
Microsoft Visual Studio Solution File, Format Version 12.00
# Visual Studio Version 17
VisualStudioVersion = 17.3.32922.545
MinimumVisualStudioVersion = 10.0.40219.1
Project("{9A19103F-16F7-4668-BE54-9A1E7A4F7556}") = "FictionHoarderWPF", "FictionHoarderWPF.csproj", "{42540C99-8CE5-49C3-A213-5B55B0748084}"
EndProject
Project("{9A19103F-16F7-4668-BE54-9A1E7A4F7556}") = "FictionDataAccessLibrary", "FictionDataAccessLibrary\FictionDataAccessLibrary.csproj", "{E6461BFE-CBED-41F8-837E-617B8D9AF165}"
EndProject
Project("{00D1A9C2-B5F0-4AF3-8072-F6C62B433612}") = "FictionDb", "FictionDb\FictionDb.sqlproj", "{5C70E71B-1E34-43D0-911F-CBDB2667AD67}"
EndProject
Project("{9A19103F-16F7-4668-BE54-9A1E7A4F7556}") = "FictionAPI", "FictionAPI\FictionAPI.csproj", "{0B618C57-6C38-4193-8388-BE08EC116AF7}"
EndProject
Project("{9A19103F-16F7-4668-BE54-9A1E7A4F7556}") = "FictionUI_Library", "FictionUI_Library\FictionUI_Library.csproj", "{290ED300-6D33-442F-8DAC-E312F230FB4A}"
EndProject
Global
	GlobalSection(SolutionConfigurationPlatforms) = preSolution
		Debug|Any CPU = Debug|Any CPU
		Release|Any CPU = Release|Any CPU
	EndGlobalSection
	GlobalSection(ProjectConfigurationPlatforms) = postSolution
		{42540C99-8CE5-49C3-A213-5B55B0748084}.Debug|Any CPU.ActiveCfg = Debug|Any CPU
		{42540C99-8CE5-49C3-A213-5B55B0748084}.Debug|Any CPU.Build.0 = Debug|Any CPU
		{42540C99-8CE5-49C3-A213-5B55B0748084}.Release|Any CPU.ActiveCfg = Release|Any CPU
		{42540C99-8CE5-49C3-A213-5B55B0748084}.Release|Any CPU.Build.0 = Release|Any CPU
		{E6461BFE-CBED-41F8-837E-617B8D9AF165}.Debug|Any CPU.ActiveCfg = Debug|Any CPU
		{E6461BFE-CBED-41F8-837E-617B8D9AF165}.Debug|Any CPU.Build.0 = Debug|Any CPU
		{E6461BFE-CBED-41F8-837E-617B8D9AF165}.Release|Any CPU.ActiveCfg = Release|Any CPU
		{E6461BFE-CBED-41F8-837E-617B8D9AF165}.Release|Any CPU.Build.0 = Release|Any CPU
		{5C70E71B-1E34-43D0-911F-CBDB2667AD67}.Debug|Any CPU.ActiveCfg = Debug|Any CPU
		{5C70E71B-1E34-43D0-911F-CBDB2667AD67}.Debug|Any CPU.Build.0 = Debug|Any CPU
		{5C70E71B-1E34-43D0-911F-CBDB2667AD67}.Debug|Any CPU.Deploy.0 = Debug|Any CPU
		{5C70E71B-1E34-43D0-911F-CBDB2667AD67}.Release|Any CPU.ActiveCfg = Release|Any CPU
		{5C70E71B-1E34-43D0-911F-CBDB2667AD67}.Release|Any CPU.Build.0 = Release|Any CPU
		{5C70E71B-1E34-43D0-911F-CBDB2667AD67}.Release|Any CPU.Deploy.0 = Release|Any CPU
		{0B618C57-6C38-4193-8388-BE08EC116AF7}.Debug|Any CPU.ActiveCfg = Debug|Any CPU
		{0B618C57-6C38-4193-8388-BE08EC116AF7}.Debug|Any CPU.Build.0 = Debug|Any CPU
		{0B618C57-6C38-4193-8388-BE08EC116AF7}.Release|Any CPU.ActiveCfg = Release|Any CPU
		{0B618C57-6C38-4193-8388-BE08EC116AF7}.Release|Any CPU.Build.0 = Release|Any CPU
		{290ED300-6D33-442F-8DAC-E312F230FB4A}.Debug|Any CPU.ActiveCfg = Debug|Any CPU
		{290ED300-6D33-442F-8DAC-E312F230FB4A}.Debug|Any CPU.Build.0 = Debug|Any CPU
		{290ED300-6D33-442F-8DAC-E312F230FB4A}.Release|Any CPU.ActiveCfg = Release|Any CPU
		{290ED300-6D33-442F-8DAC-E312F230FB4A}.Release|Any CPU.Build.0 = Release|Any CPU
	EndGlobalSection
	GlobalSection(SolutionProperties) = preSolution
		HideSolutionNode = FALSE
	EndGlobalSection
	GlobalSection(ExtensibilityGlobals) = postSolution
		SolutionGuid = {4D1AEC03-9F55-4140-98BE-96405E3F3F0F}
	EndGlobalSection
EndGlobal
